
Microsoft Visual Studio Solution File, Format Version 12.00
# Visual Studio 15
VisualStudioVersion = 15.0.27130.2010
MinimumVisualStudioVersion = 10.0.40219.1
Project("{8BC9CEB8-8B4A-11D0-8D11-00A0C91BC942}") = "DoublyLinkedList", "DoublyLinkedList\DoublyLinkedList.vcxproj", "{7B7B8924-68BB-4533-9156-B38DABB0C17E}"
EndProject
Global
	GlobalSection(SolutionConfigurationPlatforms) = preSolution
		Debug|x64 = Debug|x64
		Debug|x86 = Debug|x86
		Release|x64 = Release|x64
		Release|x86 = Release|x86
	EndGlobalSection
	GlobalSection(ProjectConfigurationPlatforms) = postSolution
		{7B7B8924-68BB-4533-9156-B38DABB0C17E}.Debug|x64.ActiveCfg = Debug|x64
		{7B7B8924-68BB-4533-9156-B38DABB0C17E}.Debug|x64.Build.0 = Debug|x64
		{7B7B8924-68BB-4533-9156-B38DABB0C17E}.Debug|x86.ActiveCfg = Debug|Win32
		{7B7B8924-68BB-4533-9156-B38DABB0C17E}.Debug|x86.Build.0 = Debug|Win32
		{7B7B8924-68BB-4533-9156-B38DABB0C17E}.Release|x64.ActiveCfg = Release|x64
		{7B7B8924-68BB-4533-9156-B38DABB0C17E}.Release|x64.Build.0 = Release|x64
		{7B7B8924-68BB-4533-9156-B38DABB0C17E}.Release|x86.ActiveCfg = Release|Win32
		{7B7B8924-68BB-4533-9156-B38DABB0C17E}.Release|x86.Build.0 = Release|Win32
	EndGlobalSection
	GlobalSection(SolutionProperties) = preSolution
		HideSolutionNode = FALSE
	EndGlobalSection
	GlobalSection(ExtensibilityGlobals) = postSolution
		SolutionGuid = {4F27E8A6-99EE-46EF-A2F7-BFFC85147A14}
	EndGlobalSection
EndGlobal
